# This file is automatically @generated by Cargo.
# It is not intended for manual editing.
[[package]]
name = "aho-corasick"
version = "0.7.15"
source = "registry+https://github.com/rust-lang/crates.io-index"
checksum = "7404febffaa47dac81aa44dba71523c9d069b1bdc50a77db41195149e17f68e5"
dependencies = [
 "memchr",
]

[[package]]
name = "ansi_term"
version = "0.11.0"
source = "registry+https://github.com/rust-lang/crates.io-index"
checksum = "ee49baf6cb617b853aa8d93bf420db2383fab46d314482ca2803b40d5fde979b"
dependencies = [
 "winapi",
]

[[package]]
name = "anyhow"
version = "1.0.40"
source = "registry+https://github.com/rust-lang/crates.io-index"
checksum = "28b2cd92db5cbd74e8e5028f7e27dd7aa3090e89e4f2a197cc7c8dfb69c7063b"

[[package]]
name = "arrayvec"
version = "0.5.2"
source = "registry+https://github.com/rust-lang/crates.io-index"
checksum = "23b62fc65de8e4e7f52534fb52b0f3ed04746ae267519eef2a83941e8085068b"

[[package]]
name = "atty"
version = "0.2.14"
source = "registry+https://github.com/rust-lang/crates.io-index"
checksum = "d9b39be18770d11421cdb1b9947a45dd3f37e93092cbf377614828a319d5fee8"
dependencies = [
 "hermit-abi",
 "libc",
 "winapi",
]

[[package]]
name = "autocfg"
version = "1.0.1"
source = "registry+https://github.com/rust-lang/crates.io-index"
checksum = "cdb031dd78e28731d87d56cc8ffef4a8f36ca26c38fe2de700543e627f8a464a"

[[package]]
name = "base64"
version = "0.13.0"
source = "registry+https://github.com/rust-lang/crates.io-index"
checksum = "904dfeac50f3cdaba28fc6f57fdcddb75f49ed61346676a78c4ffe55877802fd"

[[package]]
name = "beau_collector"
version = "0.2.1"
source = "registry+https://github.com/rust-lang/crates.io-index"
checksum = "33a143066d3cbd3d32c15b51c39449e50e32a68293d31589fb941d6a9df0df4f"
dependencies = [
 "anyhow",
 "itertools",
]

[[package]]
name = "bitflags"
version = "1.2.1"
source = "registry+https://github.com/rust-lang/crates.io-index"
checksum = "cf1de2fe8c75bc145a2f577add951f8134889b4795d47466a54a5c846d691693"

[[package]]
name = "bstr"
version = "0.2.15"
source = "registry+https://github.com/rust-lang/crates.io-index"
checksum = "a40b47ad93e1a5404e6c18dec46b628214fee441c70f4ab5d6942142cc268a3d"
dependencies = [
 "memchr",
]

[[package]]
name = "cc"
version = "1.0.67"
source = "registry+https://github.com/rust-lang/crates.io-index"
checksum = "e3c69b077ad434294d3ce9f1f6143a2a4b89a8a2d54ef813d85003a4fd1137fd"

[[package]]
name = "cfg-if"
version = "1.0.0"
source = "registry+https://github.com/rust-lang/crates.io-index"
checksum = "baf1de4339761588bc0619e3cbc0120ee582ebb74b53b4efbf79117bd2da40fd"

[[package]]
name = "chrono"
version = "0.4.19"
source = "registry+https://github.com/rust-lang/crates.io-index"
checksum = "670ad68c9088c2a963aaa298cb369688cf3f9465ce5e2d4ca10e6e0098a1ce73"
dependencies = [
 "libc",
 "num-integer",
 "num-traits",
 "time",
 "winapi",
]

[[package]]
name = "clap"
version = "2.33.3"
source = "registry+https://github.com/rust-lang/crates.io-index"
checksum = "37e58ac78573c40708d45522f0d80fa2f01cc4f9b4e2bf749807255454312002"
dependencies = [
 "ansi_term",
 "atty",
 "bitflags",
 "strsim",
 "textwrap",
 "unicode-width",
 "vec_map",
 "yaml-rust",
]

[[package]]
name = "config"
version = "0.11.0"
source = "registry+https://github.com/rust-lang/crates.io-index"
checksum = "1b1b9d958c2b1368a663f05538fc1b5975adce1e19f435acceae987aceeeb369"
dependencies = [
 "lazy_static",
 "nom",
 "serde",
 "toml",
]

[[package]]
name = "either"
version = "1.6.1"
source = "registry+https://github.com/rust-lang/crates.io-index"
checksum = "e78d4f1cc4ae33bbfc157ed5d5a5ef3bc29227303d595861deb238fcec4e9457"

[[package]]
name = "env_logger"
version = "0.6.2"
source = "registry+https://github.com/rust-lang/crates.io-index"
checksum = "aafcde04e90a5226a6443b7aabdb016ba2f8307c847d524724bd9b346dd1a2d3"
dependencies = [
 "atty",
 "humantime",
 "log",
 "regex",
 "termcolor",
]

[[package]]
name = "erased-serde"
version = "0.3.13"
source = "registry+https://github.com/rust-lang/crates.io-index"
checksum = "0465971a8cc1fa2455c8465aaa377131e1f1cf4983280f474a13e68793aa770c"
dependencies = [
 "serde",
]

[[package]]
name = "hermit-abi"
version = "0.1.18"
source = "registry+https://github.com/rust-lang/crates.io-index"
checksum = "322f4de77956e22ed0e5032c359a0f1273f1f7f0d79bfa3b8ffbc730d7fbcc5c"
dependencies = [
 "libc",
]

[[package]]
name = "humantime"
version = "1.3.0"
source = "registry+https://github.com/rust-lang/crates.io-index"
checksum = "df004cfca50ef23c36850aaaa59ad52cc70d0e90243c3c7737a4dd32dc7a3c4f"
dependencies = [
 "quick-error",
]

[[package]]
name = "itertools"
version = "0.9.0"
source = "registry+https://github.com/rust-lang/crates.io-index"
checksum = "284f18f85651fe11e8a991b2adb42cb078325c996ed026d994719efcfca1d54b"
dependencies = [
 "either",
]

[[package]]
name = "itoa"
version = "0.4.7"
source = "registry+https://github.com/rust-lang/crates.io-index"
checksum = "dd25036021b0de88a0aff6b850051563c6516d0bf53f8638938edbb9de732736"

[[package]]
name = "kiam"
version = "0.1.0"
source = "registry+https://github.com/rust-lang/crates.io-index"
checksum = "4fec32b07a91b3ac2bca298af854b84860969f099811888fe0d9edf7bee95ce2"

[[package]]
name = "lazy_static"
version = "1.4.0"
source = "registry+https://github.com/rust-lang/crates.io-index"
checksum = "e2abad23fbc42b3700f2f279844dc832adb2b2eb069b2df918f455c4e18cc646"

[[package]]
name = "lexical-core"
version = "0.7.6"
source = "registry+https://github.com/rust-lang/crates.io-index"
checksum = "6607c62aa161d23d17a9072cc5da0be67cdfc89d3afb1e8d9c842bebc2525ffe"
dependencies = [
 "arrayvec",
 "bitflags",
 "cfg-if",
 "ryu",
 "static_assertions",
]

[[package]]
name = "libc"
version = "0.2.94"
source = "registry+https://github.com/rust-lang/crates.io-index"
checksum = "18794a8ad5b29321f790b55d93dfba91e125cb1a9edbd4f8e3150acc771c1a5e"

[[package]]
name = "log"
version = "0.4.14"
source = "registry+https://github.com/rust-lang/crates.io-index"
checksum = "51b9bbe6c47d51fc3e1a9b945965946b4c44142ab8792c50835a980d362c2710"
dependencies = [
 "cfg-if",
]

[[package]]
name = "memchr"
version = "2.3.4"
source = "registry+https://github.com/rust-lang/crates.io-index"
checksum = "0ee1c47aaa256ecabcaea351eae4a9b01ef39ed810004e298d2511ed284b1525"

[[package]]
name = "mlua"
version = "0.5.4"
source = "registry+https://github.com/rust-lang/crates.io-index"
checksum = "dd448d3e7018f2ff38dd732a374045f5b037eb4ee477d9241d9bb8c209528c1c"
dependencies = [
 "bstr",
 "cc",
 "erased-serde",
 "lazy_static",
 "num-traits",
 "pkg-config",
 "serde",
]

[[package]]
name = "nom"
version = "5.1.2"
source = "registry+https://github.com/rust-lang/crates.io-index"
checksum = "ffb4262d26ed83a1c0a33a38fe2bb15797329c85770da05e6b828ddb782627af"
dependencies = [
 "lexical-core",
 "memchr",
 "version_check",
]

[[package]]
name = "num-integer"
version = "0.1.44"
source = "registry+https://github.com/rust-lang/crates.io-index"
checksum = "d2cc698a63b549a70bc047073d2949cce27cd1c7b0a4a862d08a8031bc2801db"
dependencies = [
 "autocfg",
 "num-traits",
]

[[package]]
name = "num-traits"
version = "0.2.14"
source = "registry+https://github.com/rust-lang/crates.io-index"
checksum = "9a64b1ec5cda2586e284722486d802acf1f7dbdc623e2bfc57e65ca1cd099290"
dependencies = [
 "autocfg",
]

[[package]]
name = "paste"
version = "1.0.5"
source = "registry+https://github.com/rust-lang/crates.io-index"
checksum = "acbf547ad0c65e31259204bd90935776d1c693cec2f4ff7abb7a1bbbd40dfe58"

[[package]]
name = "pkg-config"
version = "0.3.19"
source = "registry+https://github.com/rust-lang/crates.io-index"
checksum = "3831453b3449ceb48b6d9c7ad7c96d5ea673e9b470a1dc578c2ce6521230884c"

[[package]]
name = "polling"
version = "2.0.3"
source = "registry+https://github.com/rust-lang/crates.io-index"
checksum = "4fc12d774e799ee9ebae13f4076ca003b40d18a11ac0f3641e6f899618580b7b"
dependencies = [
 "cfg-if",
 "libc",
 "log",
 "wepoll-sys",
 "winapi",
]

[[package]]
name = "pretty_env_logger"
version = "0.3.1"
source = "registry+https://github.com/rust-lang/crates.io-index"
checksum = "717ee476b1690853d222af4634056d830b5197ffd747726a9a1eee6da9f49074"
dependencies = [
 "chrono",
 "env_logger",
 "log",
]

[[package]]
name = "proc-macro2"
version = "1.0.26"
source = "registry+https://github.com/rust-lang/crates.io-index"
checksum = "a152013215dca273577e18d2bf00fa862b89b24169fb78c4c95aeb07992c9cec"
dependencies = [
 "unicode-xid",
]

[[package]]
name = "qapi"
version = "0.7.0"
source = "registry+https://github.com/rust-lang/crates.io-index"
checksum = "5e679d7e201702340604a0afd896a1db3bf1488bb9a2d794523d1fd770bbd744"
dependencies = [
 "log",
 "qapi-qmp",
 "qapi-spec",
 "serde",
 "serde_json",
]

[[package]]
name = "qapi-codegen"
version = "0.5.0"
source = "registry+https://github.com/rust-lang/crates.io-index"
checksum = "81b4abbe2a6fbc026bf9bb9021d181d8da4661c6a3cf9a221f6a36aca2617acd"
dependencies = [
 "qapi-parser",
]

[[package]]
name = "qapi-parser"
version = "0.5.0"
source = "registry+https://github.com/rust-lang/crates.io-index"
checksum = "e2ee46393e919bb03d7ef4c3d633dbbf7d7196fb02b9928ea9fccae7529db07c"
dependencies = [
 "serde",
 "serde_json",
]

[[package]]
name = "qapi-qmp"
version = "0.7.0"
source = "registry+https://github.com/rust-lang/crates.io-index"
checksum = "9ef8ca64a52853030d0eac261c34c87978b65060aee7fe54e01659fb0d238500"
dependencies = [
 "qapi-codegen",
 "qapi-spec",
 "serde",
]

[[package]]
name = "qapi-spec"
version = "0.3.1"
source = "registry+https://github.com/rust-lang/crates.io-index"
checksum = "b360919a24ea5fc02fa762cb01bd8f43b643fee51c585f763257773b4dc5a9e8"
dependencies = [
 "base64",
 "serde",
 "serde_json",
]

[[package]]
name = "quick-error"
version = "1.2.3"
source = "registry+https://github.com/rust-lang/crates.io-index"
checksum = "a1d01941d82fa2ab50be1e79e6714289dd7cde78eba4c074bc5a4374f650dfe0"

[[package]]
name = "quote"
version = "1.0.9"
source = "registry+https://github.com/rust-lang/crates.io-index"
checksum = "c3d0b9745dc2debf507c8422de05d7226cc1f0644216dfdfead988f9b1ab32a7"
dependencies = [
 "proc-macro2",
]

[[package]]
name = "regex"
version = "1.4.6"
source = "registry+https://github.com/rust-lang/crates.io-index"
checksum = "2a26af418b574bd56588335b3a3659a65725d4e636eb1016c2f9e3b38c7cc759"
dependencies = [
 "aho-corasick",
 "memchr",
 "regex-syntax",
]

[[package]]
name = "regex-syntax"
version = "0.6.23"
source = "registry+https://github.com/rust-lang/crates.io-index"
checksum = "24d5f089152e60f62d28b835fbff2cd2e8dc0baf1ac13343bef92ab7eed84548"

[[package]]
name = "ryu"
version = "1.0.5"
source = "registry+https://github.com/rust-lang/crates.io-index"
checksum = "71d301d4193d031abdd79ff7e3dd721168a9572ef3fe51a1517aba235bd8f86e"

[[package]]
name = "serde"
version = "1.0.125"
source = "registry+https://github.com/rust-lang/crates.io-index"
checksum = "558dc50e1a5a5fa7112ca2ce4effcb321b0300c0d4ccf0776a9f60cd89031171"
dependencies = [
 "serde_derive",
]

[[package]]
name = "serde_derive"
version = "1.0.125"
source = "registry+https://github.com/rust-lang/crates.io-index"
checksum = "b093b7a2bb58203b5da3056c05b4ec1fed827dcfdb37347a8841695263b3d06d"
dependencies = [
 "proc-macro2",
 "quote",
 "syn",
]

[[package]]
name = "serde_json"
version = "1.0.64"
source = "registry+https://github.com/rust-lang/crates.io-index"
checksum = "799e97dc9fdae36a5c8b8f2cae9ce2ee9fdce2058c57a93e6099d919fd982f79"
dependencies = [
 "itoa",
 "ryu",
 "serde",
]

[[package]]
name = "signal-hook"
version = "0.3.8"
source = "registry+https://github.com/rust-lang/crates.io-index"
checksum = "ef33d6d0cd06e0840fba9985aab098c147e67e05cee14d412d3345ed14ff30ac"
dependencies = [
 "libc",
 "signal-hook-registry",
]

[[package]]
name = "signal-hook-registry"
version = "1.3.0"
source = "registry+https://github.com/rust-lang/crates.io-index"
checksum = "16f1d0fef1604ba8f7a073c7e701f213e056707210e9020af4528e0101ce11a6"
dependencies = [
 "libc",
]

[[package]]
name = "static_assertions"
version = "1.1.0"
source = "registry+https://github.com/rust-lang/crates.io-index"
checksum = "a2eb9349b6444b326872e140eb1cf5e7c522154d69e7a0ffb0fb81c06b37543f"

[[package]]
name = "strsim"
version = "0.8.0"
source = "registry+https://github.com/rust-lang/crates.io-index"
checksum = "8ea5119cdb4c55b55d432abb513a0429384878c15dde60cc77b1c99de1a95a6a"

[[package]]
name = "syn"
version = "1.0.70"
source = "registry+https://github.com/rust-lang/crates.io-index"
checksum = "b9505f307c872bab8eb46f77ae357c8eba1fdacead58ee5a850116b1d7f82883"
dependencies = [
 "proc-macro2",
 "quote",
 "unicode-xid",
]

[[package]]
name = "termcolor"
version = "1.1.2"
source = "registry+https://github.com/rust-lang/crates.io-index"
checksum = "2dfed899f0eb03f32ee8c6a0aabdb8a7949659e3466561fc0adf54e26d88c5f4"
dependencies = [
 "winapi-util",
]

[[package]]
name = "textwrap"
version = "0.11.0"
source = "registry+https://github.com/rust-lang/crates.io-index"
checksum = "d326610f408c7a4eb6f51c37c330e496b08506c9457c9d34287ecc38809fb060"
dependencies = [
 "unicode-width",
]

[[package]]
name = "time"
version = "0.1.44"
source = "registry+https://github.com/rust-lang/crates.io-index"
checksum = "6db9e6914ab8b1ae1c260a4ae7a49b6c5611b40328a735b21862567685e73255"
dependencies = [
 "libc",
 "wasi",
 "winapi",
]

[[package]]
name = "toml"
version = "0.5.8"
source = "registry+https://github.com/rust-lang/crates.io-index"
checksum = "a31142970826733df8241ef35dc040ef98c679ab14d7c3e54d827099b3acecaa"
dependencies = [
 "serde",
]

[[package]]
name = "unicode-width"
version = "0.1.8"
source = "registry+https://github.com/rust-lang/crates.io-index"
checksum = "9337591893a19b88d8d87f2cec1e73fad5cdfd10e5a6f349f498ad6ea2ffb1e3"

[[package]]
name = "unicode-xid"
version = "0.2.1"
source = "registry+https://github.com/rust-lang/crates.io-index"
checksum = "f7fe0bb3479651439c9112f72b6c505038574c9fbb575ed1bf3b797fa39dd564"

[[package]]
name = "vec_map"
version = "0.8.2"
source = "registry+https://github.com/rust-lang/crates.io-index"
checksum = "f1bddf1187be692e79c5ffeab891132dfb0f236ed36a43c7ed39f1165ee20191"

[[package]]
name = "version_check"
version = "0.9.3"
source = "registry+https://github.com/rust-lang/crates.io-index"
checksum = "5fecdca9a5291cc2b8dcf7dc02453fee791a280f3743cb0905f8822ae463b3fe"

[[package]]
name = "vore"
version = "0.1.0"
dependencies = [
 "anyhow",
 "clap",
 "log",
 "pretty_env_logger",
 "vore-core",
]

[[package]]
name = "vore-core"
version = "0.1.0"
dependencies = [
 "anyhow",
 "beau_collector",
 "config",
 "kiam",
 "lazy_static",
 "libc",
 "log",
 "mlua",
 "paste",
 "pretty_env_logger",
 "qapi",
 "qapi-qmp",
 "serde",
 "serde_json",
 "toml",
]

[[package]]
name = "vored"
version = "0.1.0"
dependencies = [
 "anyhow",
 "libc",
 "log",
 "polling",
 "pretty_env_logger",
 "signal-hook",
 "vore-core",
]

[[package]]
name = "wasi"
version = "0.10.0+wasi-snapshot-preview1"
source = "registry+https://github.com/rust-lang/crates.io-index"
checksum = "1a143597ca7c7793eff794def352d41792a93c481eb1042423ff7ff72ba2c31f"

[[package]]
name = "wepoll-sys"
version = "3.0.1"
source = "registry+https://github.com/rust-lang/crates.io-index"
checksum = "0fcb14dea929042224824779fbc82d9fab8d2e6d3cbc0ac404de8edf489e77ff"
dependencies = [
 "cc",
]

[[package]]
name = "winapi"
version = "0.3.9"
source = "registry+https://github.com/rust-lang/crates.io-index"
checksum = "5c839a674fcd7a98952e593242ea400abe93992746761e38641405d28b00f419"
dependencies = [
 "winapi-i686-pc-windows-gnu",
 "winapi-x86_64-pc-windows-gnu",
]

[[package]]
name = "winapi-i686-pc-windows-gnu"
version = "0.4.0"
source = "registry+https://github.com/rust-lang/crates.io-index"
checksum = "ac3b87c63620426dd9b991e5ce0329eff545bccbbb34f3be09ff6fb6ab51b7b6"

[[package]]
name = "winapi-util"
version = "0.1.5"
source = "registry+https://github.com/rust-lang/crates.io-index"
checksum = "70ec6ce85bb158151cae5e5c87f95a8e97d2c0c4b001223f33a334e3ce5de178"
dependencies = [
 "winapi",
]

[[package]]
name = "winapi-x86_64-pc-windows-gnu"
version = "0.4.0"
source = "registry+https://github.com/rust-lang/crates.io-index"
checksum = "712e227841d057c1ee1cd2fb22fa7e5a5461ae8e48fa2ca79ec42cfc1931183f"

[[package]]
name = "yaml-rust"
version = "0.3.5"
source = "registry+https://github.com/rust-lang/crates.io-index"
checksum = "e66366e18dc58b46801afbf2ca7661a9f59cc8c5962c29892b6039b4f86fa992"
